
Microsoft Visual Studio Solution File, Format Version 12.00
# Visual Studio Version 17
VisualStudioVersion = 17.4.33103.184
MinimumVisualStudioVersion = 10.0.40219.1
Project("{FAE04EC0-301F-11D3-BF4B-00C04F79EFBC}") = "Csindex.WebCrawlers", "Csindex.WebCrawlers.csproj", "{9596959D-D656-46DA-A390-9D8DD4FCF640}"
EndProject
Project("{54435603-DBB4-11D2-8724-00A0C9A8B90C}") = "Csindex.WebCrawlers.Project", "..\Csindex.WebCrawlers.Project\Csindex.WebCrawlers.Project.vdproj", "{64E902FC-C41B-4A21-83BB-CDC122C3535C}"
EndProject
Global
	GlobalSection(SolutionConfigurationPlatforms) = preSolution
		Debug|Any CPU = Debug|Any CPU
		Release|Any CPU = Release|Any CPU
	EndGlobalSection
	GlobalSection(ProjectConfigurationPlatforms) = postSolution
		{9596959D-D656-46DA-A390-9D8DD4FCF640}.Debug|Any CPU.ActiveCfg = Debug|Any CPU
		{9596959D-D656-46DA-A390-9D8DD4FCF640}.Debug|Any CPU.Build.0 = Debug|Any CPU
		{9596959D-D656-46DA-A390-9D8DD4FCF640}.Release|Any CPU.ActiveCfg = Release|Any CPU
		{9596959D-D656-46DA-A390-9D8DD4FCF640}.Release|Any CPU.Build.0 = Release|Any CPU
		{64E902FC-C41B-4A21-83BB-CDC122C3535C}.Debug|Any CPU.ActiveCfg = Debug
		{64E902FC-C41B-4A21-83BB-CDC122C3535C}.Release|Any CPU.ActiveCfg = Release
	EndGlobalSection
	GlobalSection(SolutionProperties) = preSolution
		HideSolutionNode = FALSE
	EndGlobalSection
	GlobalSection(ExtensibilityGlobals) = postSolution
		SolutionGuid = {E9A786D8-8EE5-4440-AB4E-C4AED5E87875}
	EndGlobalSection
EndGlobal
